
Microsoft Visual Studio Solution File, Format Version 12.00
# Visual Studio 15
VisualStudioVersion = 15.0.28307.489
MinimumVisualStudioVersion = 10.0.40219.1
Project("{FAE04EC0-301F-11D3-BF4B-00C04F79EFBC}") = "AzureIoTDemo", "AzureIoTDemo\AzureIoTDemo.csproj", "{B722AFAF-1D13-497E-BAFC-926545DA0552}"
EndProject
Global
	GlobalSection(SolutionConfigurationPlatforms) = preSolution
		Debug|Any CPU = Debug|Any CPU
		Release|Any CPU = Release|Any CPU
	EndGlobalSection
	GlobalSection(ProjectConfigurationPlatforms) = postSolution
		{B722AFAF-1D13-497E-BAFC-926545DA0552}.Debug|Any CPU.ActiveCfg = Debug|Any CPU
		{B722AFAF-1D13-497E-BAFC-926545DA0552}.Debug|Any CPU.Build.0 = Debug|Any CPU
		{B722AFAF-1D13-497E-BAFC-926545DA0552}.Release|Any CPU.ActiveCfg = Release|Any CPU
		{B722AFAF-1D13-497E-BAFC-926545DA0552}.Release|Any CPU.Build.0 = Release|Any CPU
	EndGlobalSection
	GlobalSection(SolutionProperties) = preSolution
		HideSolutionNode = FALSE
	EndGlobalSection
	GlobalSection(ExtensibilityGlobals) = postSolution
		SolutionGuid = {2CC5743C-3B47-4C8D-90E8-6E56CA913D47}
	EndGlobalSection
EndGlobal
